{
  "lib/forge-std": {
    "tag": {
      "name": "v1.16.1",
      "rev": "620536fa5277db4e3fd46772d5cbc1ea0696fb43"
    }
  },
  "lib/openzeppelin-contracts": {
    "tag": {
      "name": "v3.4.0-solc-0.7",
      "rev": "5c8746f56b4bed8cc9e0e044f5f69ab2f9428ce1"
    }
  },
  "lib/openzeppelin-contracts-upgradeable": {
    "tag": {
      "name": "v3.4.0-solc-0.7",
      "rev": "84d7d1013d0f62fce6da1d00bdefd988745fa837"
    }
  }
}